Microsoft Visual Studio Solution File, Format Version 12.00
# Visual Studio Version 17
VisualStudioVersion = 17.5.33530.505
MinimumVisualStudioVersion = 10.0.40219.1
Project("{9A19103F-16F7-4668-BE54-9A1E7A4F7556}") = "Connector", "Connector\Connector.csproj", "{A56762B0-D1A8-480F-8D67-BD42B0246289}"
EndProject
Global
	GlobalSection(SolutionConfigurationPlatforms) = preSolution
		Debug|Any CPU = Debug|Any CPU
		Release|Any CPU = Release|Any CPU
	EndGlobalSection
	GlobalSection(ProjectConfigurationPlatforms) = postSolution
		{A56762B0-D1A8-480F-8D67-BD42B0246289}.Debug|Any CPU.ActiveCfg = Debug|Any CPU
		{A56762B0-D1A8-480F-8D67-BD42B0246289}.Debug|Any CPU.Build.0 = Debug|Any CPU
		{A56762B0-D1A8-480F-8D67-BD42B0246289}.Release|Any CPU.ActiveCfg = Release|Any CPU
		{A56762B0-D1A8-480F-8D67-BD42B0246289}.Release|Any CPU.Build.0 = Release|Any CPU
	EndGlobalSection
	GlobalSection(SolutionProperties) = preSolution
		HideSolutionNode = FALSE
	EndGlobalSection
	GlobalSection(ExtensibilityGlobals) = postSolution
		SolutionGuid = {809E6EDA-1079-4F3F-997F-D967F328F7F2}
	EndGlobalSection
EndGlobal
